PODS:
  - Realm (3.17.0):
    - Realm/Headers (= 3.17.0)
  - Realm/Headers (3.17.0)
  - RealmSwift (3.17.0):
    - Realm (= 3.17.0)
  - Spring (1.0.5)
  - ViewAnimator (2.5.1)

DEPENDENCIES:
  - RealmSwift
  - Spring
  - ViewAnimator

SPEC REPOS:
  https://github.com/cocoapods/specs.git:
    - Realm
    - RealmSwift
    - Spring
    - ViewAnimator

SPEC CHECKSUMS:
  Realm: b30db41ff34fc858ffc25ba8d44a82c164e7ccd0
  RealmSwift: fe733e459d60dc7b6971d4cbee2eb4854097d12c
  Spring: 17901566c8ecf3a1327902b940406c64512f9bb1
  ViewAnimator: 173932c659a43c5a15c665878750d92801ae2cf1

PODFILE CHECKSUM: 5a901988e266da1777c5274936fe1f40a68401f5

COCOAPODS: 1.7.3
